PODS:
  - AppLovinSDK (13.0.1)
  - DivKit (28.13.0):
    - DivKit_LayoutKit (= 28.13.0)
    - DivKit_Serialization (= 28.13.0)
    - VGSLCommonCore (~> 2.4)
    - VGSLNetworking (~> 2.4)
  - DivKit_LayoutKit (28.13.0):
    - DivKit_LayoutKitInterface (= 28.13.0)
    - VGSLCommonCore (~> 2.4)
  - DivKit_LayoutKitInterface (28.13.0):
    - VGSLBase (~> 2.4)
    - VGSLBaseTiny (~> 2.4)
    - VGSLBaseUI (~> 2.4)
  - DivKit_Serialization (28.13.0):
    - VGSLCommonCore (~> 2.4)
  - IronSourceSDK (7.8.0.0)
  - MadexConsentManager (1.0.5):
    - SspnetConsentManager (~> 1.0.5)
  - MadexSDK (1.7.5):
    - SspnetCore (~> 1.7.5)
  - MintegralAdSDK/BidNativeAd (7.7.9):
    - MintegralAdSDK/NativeAd
  - MintegralAdSDK/BidNewInterstitialAd (7.7.9):
    - MintegralAdSDK/BidNativeAd
    - MintegralAdSDK/NewInterstitialAd
  - MintegralAdSDK/BidRewardVideoAd (7.7.9):
    - MintegralAdSDK/BidNativeAd
    - MintegralAdSDK/RewardVideoAd
  - MintegralAdSDK/InterstitialVideoAd (7.7.9):
    - MintegralAdSDK/NativeAd
  - MintegralAdSDK/NativeAd (7.7.9)
  - MintegralAdSDK/NewInterstitialAd (7.7.9):
    - MintegralAdSDK/InterstitialVideoAd
    - MintegralAdSDK/NativeAd
  - MintegralAdSDK/RewardVideoAd (7.7.9):
    - MintegralAdSDK/NativeAd
  - SspnetApplovinAdapter (1.4.0):
    - AppLovinSDK (~> 13.0.0)
    - SspnetCore (~> 1.7.0)
  - SspnetConsentManager (1.0.6)
  - SspnetCore (1.7.5):
    - SspnetDsp (~> 1.4.5)
  - SspnetDsp (1.4.5)
  - SspnetIronSourceAdapter (1.4.0):
    - IronSourceSDK (~> 7.8.0.0)
    - SspnetCore (~> 1.7.0)
  - SspnetMintegralAdapter (1.4.0):
    - MintegralAdSDK/BidNewInterstitialAd
    - MintegralAdSDK/BidRewardVideoAd
    - SspnetCore (~> 1.7.0)
  - SspnetYandexAdapter (1.4.0):
    - SspnetCore (~> 1.7.0)
    - YandexMobileAds (~> 6.4.0)
    - YandexMobileAdsInstream (~> 0.24.0)
  - VGSL_Fundamentals (2.4.1):
    - VGSL_Fundamentals_Tiny (= 2.4.1)
  - VGSL_Fundamentals_Tiny (2.4.1)
  - VGSLBase (2.4.1):
    - VGSL_Fundamentals (= 2.4.1)
    - VGSLBaseTiny (= 2.4.1)
    - VGSLBaseUI (= 2.4.1)
  - VGSLBaseTiny (2.4.1):
    - VGSL_Fundamentals_Tiny (= 2.4.1)
  - VGSLBaseUI (2.4.1):
    - VGSLBaseTiny (= 2.4.1)
  - VGSLCommonCore (2.4.1):
    - VGSLBase (= 2.4.1)
  - VGSLNetworking (2.4.1):
    - VGSLBase (= 2.4.1)
  - YandexMobileAds (6.4.1):
    - DivKit (= 28.13.0)
    - YandexMobileMetrica (< 5.0.0, >= 4.0.0)
  - YandexMobileAdsInstream (0.24.0):
    - YandexMobileAds (~> 6.4.0)
  - YandexMobileMetrica (4.5.2):
    - YandexMobileMetrica/Static (= 4.5.2)
  - YandexMobileMetrica/Static (4.5.2):
    - YandexMobileMetrica/Static/Core (= 4.5.2)
    - YandexMobileMetrica/Static/Crashes (= 4.5.2)
  - YandexMobileMetrica/Static/Core (4.5.2)
  - YandexMobileMetrica/Static/Crashes (4.5.2):
    - YandexMobileMetrica/Static/Core

DEPENDENCIES:
  - MadexConsentManager (= 1.0.5)
  - MadexSDK (= 1.7.5)
  - SspnetApplovinAdapter (= 1.4.0)
  - SspnetIronSourceAdapter (= 1.4.0)
  - SspnetMintegralAdapter (= 1.4.0)
  - SspnetYandexAdapter (= 1.4.0)

SPEC REPOS:
  https://github.com/CocoaPods/Specs.git:
    - AppLovinSDK
    - DivKit
    - DivKit_LayoutKit
    - DivKit_LayoutKitInterface
    - DivKit_Serialization
    - IronSourceSDK
    - MadexConsentManager
    - MadexSDK
    - MintegralAdSDK
    - SspnetApplovinAdapter
    - SspnetConsentManager
    - SspnetCore
    - SspnetDsp
    - SspnetIronSourceAdapter
    - SspnetMintegralAdapter
    - SspnetYandexAdapter
    - VGSL_Fundamentals
    - VGSL_Fundamentals_Tiny
    - VGSLBase
    - VGSLBaseTiny
    - VGSLBaseUI
    - VGSLCommonCore
    - VGSLNetworking
    - YandexMobileAds
    - YandexMobileAdsInstream
    - YandexMobileMetrica

SPEC CHECKSUMS:
  AppLovinSDK: fdae6a4361c9c9b09f8d7d18ede792368221d987
  DivKit: 65af423ea03c32b6ecaa63a64d4a2ea26c217f3b
  DivKit_LayoutKit: 3f88fab9edefb4938b9ccb5359ecbce4e1eeba69
  DivKit_LayoutKitInterface: 90449756ba956a7fbf3b168c01f7a0b7fc6a9de0
  DivKit_Serialization: 1b536e30c49163548bb62120320097c8ab41936d
  IronSourceSDK: ef878d01ce69a68633c7a27c89cabe0e41fcc49a
  MadexConsentManager: 59fb01bab8e83d8de7681613958838456f955f27
  MadexSDK: 5c2f9060d2e63c705a71d3b4036d5fd4603e18c2
  MintegralAdSDK: 054814f99bb7e967b8974fe635d9005b225cbe42
  SspnetApplovinAdapter: 569285a1ffea8981e7dd70cce4034ff03779af44
  SspnetConsentManager: a0ec9cbf2233a7cf2843cdd56c82f65c8f3426d3
  SspnetCore: 94cc69e9005fa2c7d0e6656547f79a88393b78be
  SspnetDsp: ab7b703df4c107114547d50e13896db8d24abdeb
  SspnetIronSourceAdapter: dedd3f8f0696e769ed0e1b5c4d068dfe1cad3f48
  SspnetMintegralAdapter: ee40cffa2cdc785dbad0b82d6717473389cfc793
  SspnetYandexAdapter: 60121fe15999829715962fc691b38b731b0cd9d9
  VGSL_Fundamentals: 4a965a687c76a5a435d7aaeb6b7182e82408bf4c
  VGSL_Fundamentals_Tiny: feab274b20c5838fbe09b887db0f6cfa28e26a1c
  VGSLBase: 37b95dd4ea137f73e8f9a8bd8ec474d8b4d75a68
  VGSLBaseTiny: 0a0a4992a348184e8580cf73efa8eb373d750f6b
  VGSLBaseUI: 62f147155e7b7049a32a30ac87b5bd8b83e636c5
  VGSLCommonCore: dd33088af6633d1c09f0c9bb8027920b99e2e0c8
  VGSLNetworking: e12d616b447522bf524c689d28f55cfbb20473cd
  YandexMobileAds: ed587c669f2deb078f39a070ee2466cc40eca5a9
  YandexMobileAdsInstream: 2a5cf367ba82fc1933650596b207b8d32ddf019f
  YandexMobileMetrica: f5368ee93f286c793d73b58da00929babfc897c1

PODFILE CHECKSUM: 6d7892f27fe5e804b49a033c60d6ca26cb31d23b

COCOAPODS: 1.16.2
