// !$*UTF8*$!
{
	archiveVersion = 1;
	classes = {
	};
	objectVersion = 56;
	objects = {

/* Begin PBXBuildFile section */
		4A5A595708A55EAB2D0DB973 /* Pods_MadexDemoApp_MadexDemoAppUITests.framework in Frameworks */ = {isa = PBXBuildFile; fileRef = 33C68D51AC771269F232169A /* Pods_MadexDemoApp_MadexDemoAppUITests.framework */; };
		7425C0DA2B0FE12B009F18E5 /* AppDelegate.swift in Sources */ = {isa = PBXBuildFile; fileRef = 7425C0D92B0FE12B009F18E5 /* AppDelegate.swift */; };
		7425C0DE2B0FE12B009F18E5 /* ViewController.swift in Sources */ = {isa = PBXBuildFile; fileRef = 7425C0DD2B0FE12B009F18E5 /* ViewController.swift */; };
		7425C0E12B0FE12B009F18E5 /* Main.storyboard in Resources */ = {isa = PBXBuildFile; fileRef = 7425C0DF2B0FE12B009F18E5 /* Main.storyboard */; };
		7425C0E32B0FE12C009F18E5 /* Assets.xcassets in Resources */ = {isa = PBXBuildFile; fileRef = 7425C0E22B0FE12C009F18E5 /* Assets.xcassets */; };
		7425C0E62B0FE12C009F18E5 /* LaunchScreen.storyboard in Resources */ = {isa = PBXBuildFile; fileRef = 7425C0E42B0FE12C009F18E5 /* LaunchScreen.storyboard */; };
		7425C0F12B0FE12C009F18E5 /* MadexDemoAppTests.swift in Sources */ = {isa = PBXBuildFile; fileRef = 7425C0F02B0FE12C009F18E5 /* MadexDemoAppTests.swift */; };
		7425C0FB2B0FE12C009F18E5 /* MadexDemoAppUITests.swift in Sources */ = {isa = PBXBuildFile; fileRef = 7425C0FA2B0FE12C009F18E5 /* MadexDemoAppUITests.swift */; };
		7425C0FD2B0FE12C009F18E5 /* MadexDemoAppUITestsLaunchTests.swift in Sources */ = {isa = PBXBuildFile; fileRef = 7425C0FC2B0FE12C009F18E5 /* MadexDemoAppUITestsLaunchTests.swift */; };
		7425C1102B0FE395009F18E5 /* Extensions.swift in Sources */ = {isa = PBXBuildFile; fileRef = 7425C1092B0FE395009F18E5 /* Extensions.swift */; };
		7425C1112B0FE395009F18E5 /* ConsentManagerViewController.swift in Sources */ = {isa = PBXBuildFile; fileRef = 7425C10A2B0FE395009F18E5 /* ConsentManagerViewController.swift */; };
		7425C1122B0FE395009F18E5 /* InterstitialViewController.swift in Sources */ = {isa = PBXBuildFile; fileRef = 7425C10B2B0FE395009F18E5 /* InterstitialViewController.swift */; };
		7425C1132B0FE395009F18E5 /* MediationNetworks.swift in Sources */ = {isa = PBXBuildFile; fileRef = 7425C10C2B0FE395009F18E5 /* MediationNetworks.swift */; };
		7425C1142B0FE395009F18E5 /* DeviceInfoViewController.swift in Sources */ = {isa = PBXBuildFile; fileRef = 7425C10D2B0FE395009F18E5 /* DeviceInfoViewController.swift */; };
		7425C1152B0FE395009F18E5 /* RewardedViewController.swift in Sources */ = {isa = PBXBuildFile; fileRef = 7425C10E2B0FE395009F18E5 /* RewardedViewController.swift */; };
		7425C1162B0FE395009F18E5 /* EnvironmentVariables.swift in Sources */ = {isa = PBXBuildFile; fileRef = 7425C10F2B0FE395009F18E5 /* EnvironmentVariables.swift */; };
		74727FD52D8C9839004AA27E /* BannerViewController.swift in Sources */ = {isa = PBXBuildFile; fileRef = 74727FD42D8C9838004AA27E /* BannerViewController.swift */; };
		9C1485A851ED7C3467A0EAD4 /* Pods_MadexDemoApp.framework in Frameworks */ = {isa = PBXBuildFile; fileRef = 5DBF72EAF883842A0BC7D787 /* Pods_MadexDemoApp.framework */; };
		AD0AC28F5665837D4325A823 /* Pods_MadexDemoAppTests.framework in Frameworks */ = {isa = PBXBuildFile; fileRef = 8A32A11BE34D8F6514D21490 /* Pods_MadexDemoAppTests.framework */; };
/* End PBXBuildFile section */

/* Begin PBXContainerItemProxy section */
		7425C0ED2B0FE12C009F18E5 /* PBXContainerItemProxy */ = {
			isa = PBXContainerItemProxy;
			containerPortal = 7425C0CE2B0FE12B009F18E5 /* Project object */;
			proxyType = 1;
			remoteGlobalIDString = 7425C0D52B0FE12B009F18E5;
			remoteInfo = MadexDemoApp;
		};
		7425C0F72B0FE12C009F18E5 /* PBXContainerItemProxy */ = {
			isa = PBXContainerItemProxy;
			containerPortal = 7425C0CE2B0FE12B009F18E5 /* Project object */;
			proxyType = 1;
			remoteGlobalIDString = 7425C0D52B0FE12B009F18E5;
			remoteInfo = MadexDemoApp;
		};
/* End PBXContainerItemProxy section */

/* Begin PBXFileReference section */
		33C68D51AC771269F232169A /* Pods_MadexDemoApp_MadexDemoAppUITests.framework */ = {isa = PBXFileReference; explicitFileType = wrapper.framework; includeInIndex = 0; path = Pods_MadexDemoApp_MadexDemoAppUITests.framework; sourceTree = BUILT_PRODUCTS_DIR; };
		496797DB728180C228CC1EAF /* Pods-MadexDemoApp-MadexDemoAppUITests.release.xcconfig */ = {isa = PBXFileReference; includeInIndex = 1; lastKnownFileType = text.xcconfig; name = "Pods-MadexDemoApp-MadexDemoAppUITests.release.xcconfig"; path = "Target Support Files/Pods-MadexDemoApp-MadexDemoAppUITests/Pods-MadexDemoApp-MadexDemoAppUITests.release.xcconfig"; sourceTree = "<group>"; };
		5DBF72EAF883842A0BC7D787 /* Pods_MadexDemoApp.framework */ = {isa = PBXFileReference; explicitFileType = wrapper.framework; includeInIndex = 0; path = Pods_MadexDemoApp.framework; sourceTree = BUILT_PRODUCTS_DIR; };
		721F1E0E85A3EA8B12880116 /* Pods-MadexDemoApp-MadexDemoAppUITests.debug.xcconfig */ = {isa = PBXFileReference; includeInIndex = 1; lastKnownFileType = text.xcconfig; name = "Pods-MadexDemoApp-MadexDemoAppUITests.debug.xcconfig"; path = "Target Support Files/Pods-MadexDemoApp-MadexDemoAppUITests/Pods-MadexDemoApp-MadexDemoAppUITests.debug.xcconfig"; sourceTree = "<group>"; };
		7425C0D62B0FE12B009F18E5 /* MadexDemoApp.app */ = {isa = PBXFileReference; explicitFileType = wrapper.application; includeInIndex = 0; path = MadexDemoApp.app; sourceTree = BUILT_PRODUCTS_DIR; };
		7425C0D92B0FE12B009F18E5 /* AppDelegate.swift */ = {isa = PBXFileReference; lastKnownFileType = sourcecode.swift; path = AppDelegate.swift; sourceTree = "<group>"; };
		7425C0DD2B0FE12B009F18E5 /* ViewController.swift */ = {isa = PBXFileReference; lastKnownFileType = sourcecode.swift; path = ViewController.swift; sourceTree = "<group>"; };
		7425C0E02B0FE12B009F18E5 /* Base */ = {isa = PBXFileReference; lastKnownFileType = file.storyboard; name = Base; path = Base.lproj/Main.storyboard; sourceTree = "<group>"; };
		7425C0E22B0FE12C009F18E5 /* Assets.xcassets */ = {isa = PBXFileReference; lastKnownFileType = folder.assetcatalog; path = Assets.xcassets; sourceTree = "<group>"; };
		7425C0E52B0FE12C009F18E5 /* Base */ = {isa = PBXFileReference; lastKnownFileType = file.storyboard; name = Base; path = Base.lproj/LaunchScreen.storyboard; sourceTree = "<group>"; };
		7425C0E72B0FE12C009F18E5 /* Info.plist */ = {isa = PBXFileReference; lastKnownFileType = text.plist.xml; path = Info.plist; sourceTree = "<group>"; };
		7425C0EC2B0FE12C009F18E5 /* MadexDemoAppTests.xctest */ = {isa = PBXFileReference; explicitFileType = wrapper.cfbundle; includeInIndex = 0; path = MadexDemoAppTests.xctest; sourceTree = BUILT_PRODUCTS_DIR; };
		7425C0F02B0FE12C009F18E5 /* MadexDemoAppTests.swift */ = {isa = PBXFileReference; lastKnownFileType = sourcecode.swift; path = MadexDemoAppTests.swift; sourceTree = "<group>"; };
		7425C0F62B0FE12C009F18E5 /* MadexDemoAppUITests.xctest */ = {isa = PBXFileReference; explicitFileType = wrapper.cfbundle; includeInIndex = 0; path = MadexDemoAppUITests.xctest; sourceTree = BUILT_PRODUCTS_DIR; };
		7425C0FA2B0FE12C009F18E5 /* MadexDemoAppUITests.swift */ = {isa = PBXFileReference; lastKnownFileType = sourcecode.swift; path = MadexDemoAppUITests.swift; sourceTree = "<group>"; };
		7425C0FC2B0FE12C009F18E5 /* MadexDemoAppUITestsLaunchTests.swift */ = {isa = PBXFileReference; lastKnownFileType = sourcecode.swift; path = MadexDemoAppUITestsLaunchTests.swift; sourceTree = "<group>"; };
		7425C1092B0FE395009F18E5 /* Extensions.swift */ = {isa = PBXFileReference; fileEncoding = 4; lastKnownFileType = sourcecode.swift; path = Extensions.swift; sourceTree = "<group>"; };
		7425C10A2B0FE395009F18E5 /* ConsentManagerViewController.swift */ = {isa = PBXFileReference; fileEncoding = 4; lastKnownFileType = sourcecode.swift; path = ConsentManagerViewController.swift; sourceTree = "<group>"; };
		7425C10B2B0FE395009F18E5 /* InterstitialViewController.swift */ = {isa = PBXFileReference; fileEncoding = 4; lastKnownFileType = sourcecode.swift; path = InterstitialViewController.swift; sourceTree = "<group>"; };
		7425C10C2B0FE395009F18E5 /* MediationNetworks.swift */ = {isa = PBXFileReference; fileEncoding = 4; lastKnownFileType = sourcecode.swift; path = MediationNetworks.swift; sourceTree = "<group>"; };
		7425C10D2B0FE395009F18E5 /* DeviceInfoViewController.swift */ = {isa = PBXFileReference; fileEncoding = 4; lastKnownFileType = sourcecode.swift; path = DeviceInfoViewController.swift; sourceTree = "<group>"; };
		7425C10E2B0FE395009F18E5 /* RewardedViewController.swift */ = {isa = PBXFileReference; fileEncoding = 4; lastKnownFileType = sourcecode.swift; path = RewardedViewController.swift; sourceTree = "<group>"; };
		7425C10F2B0FE395009F18E5 /* EnvironmentVariables.swift */ = {isa = PBXFileReference; fileEncoding = 4; lastKnownFileType = sourcecode.swift; path = EnvironmentVariables.swift; sourceTree = "<group>"; };
		74727FD42D8C9838004AA27E /* BannerViewController.swift */ = {isa = PBXFileReference; lastKnownFileType = sourcecode.swift; path = BannerViewController.swift; sourceTree = "<group>"; };
		8A32A11BE34D8F6514D21490 /* Pods_MadexDemoAppTests.framework */ = {isa = PBXFileReference; explicitFileType = wrapper.framework; includeInIndex = 0; path = Pods_MadexDemoAppTests.framework; sourceTree = BUILT_PRODUCTS_DIR; };
		8A54EDC49C601E8CC3AB91AF /* Pods-MadexDemoApp.release.xcconfig */ = {isa = PBXFileReference; includeInIndex = 1; lastKnownFileType = text.xcconfig; name = "Pods-MadexDemoApp.release.xcconfig"; path = "Target Support Files/Pods-MadexDemoApp/Pods-MadexDemoApp.release.xcconfig"; sourceTree = "<group>"; };
		93FACEBEB022808A2C6383C1 /* Pods-MadexDemoApp.debug.xcconfig */ = {isa = PBXFileReference; includeInIndex = 1; lastKnownFileType = text.xcconfig; name = "Pods-MadexDemoApp.debug.xcconfig"; path = "Target Support Files/Pods-MadexDemoApp/Pods-MadexDemoApp.debug.xcconfig"; sourceTree = "<group>"; };
		CD5C28FD7BD392B8E38D5261 /* Pods-MadexDemoAppTests.debug.xcconfig */ = {isa = PBXFileReference; includeInIndex = 1; lastKnownFileType = text.xcconfig; name = "Pods-MadexDemoAppTests.debug.xcconfig"; path = "Target Support Files/Pods-MadexDemoAppTests/Pods-MadexDemoAppTests.debug.xcconfig"; sourceTree = "<group>"; };
		F085378EBA4534A0302A0DD9 /* Pods-MadexDemoAppTests.release.xcconfig */ = {isa = PBXFileReference; includeInIndex = 1; lastKnownFileType = text.xcconfig; name = "Pods-MadexDemoAppTests.release.xcconfig"; path = "Target Support Files/Pods-MadexDemoAppTests/Pods-MadexDemoAppTests.release.xcconfig"; sourceTree = "<group>"; };
/* End PBXFileReference section */

/* Begin PBXFrameworksBuildPhase section */
		7425C0D32B0FE12B009F18E5 /* Frameworks */ = {
			isa = PBXFrameworksBuildPhase;
			buildActionMask = 2147483647;
			files = (
				9C1485A851ED7C3467A0EAD4 /* Pods_MadexDemoApp.framework in Frameworks */,
			);
			runOnlyForDeploymentPostprocessing = 0;
		};
		7425C0E92B0FE12C009F18E5 /* Frameworks */ = {
			isa = PBXFrameworksBuildPhase;
			buildActionMask = 2147483647;
			files = (
				AD0AC28F5665837D4325A823 /* Pods_MadexDemoAppTests.framework in Frameworks */,
			);
			runOnlyForDeploymentPostprocessing = 0;
		};
		7425C0F32B0FE12C009F18E5 /* Frameworks */ = {
			isa = PBXFrameworksBuildPhase;
			buildActionMask = 2147483647;
			files = (
				4A5A595708A55EAB2D0DB973 /* Pods_MadexDemoApp_MadexDemoAppUITests.framework in Frameworks */,
			);
			runOnlyForDeploymentPostprocessing = 0;
		};
/* End PBXFrameworksBuildPhase section */

/* Begin PBXGroup section */
		0D8A48156D08A484B6C0270D /* Frameworks */ = {
			isa = PBXGroup;
			children = (
				5DBF72EAF883842A0BC7D787 /* Pods_MadexDemoApp.framework */,
				33C68D51AC771269F232169A /* Pods_MadexDemoApp_MadexDemoAppUITests.framework */,
				8A32A11BE34D8F6514D21490 /* Pods_MadexDemoAppTests.framework */,
			);
			name = Frameworks;
			sourceTree = "<group>";
		};
		7425C0CD2B0FE12B009F18E5 = {
			isa = PBXGroup;
			children = (
				7425C0D82B0FE12B009F18E5 /* MadexDemoApp */,
				7425C0EF2B0FE12C009F18E5 /* MadexDemoAppTests */,
				7425C0F92B0FE12C009F18E5 /* MadexDemoAppUITests */,
				7425C0D72B0FE12B009F18E5 /* Products */,
				9FBBB03BA220146BFE3753FB /* Pods */,
				0D8A48156D08A484B6C0270D /* Frameworks */,
			);
			sourceTree = "<group>";
		};
		7425C0D72B0FE12B009F18E5 /* Products */ = {
			isa = PBXGroup;
			children = (
				7425C0D62B0FE12B009F18E5 /* MadexDemoApp.app */,
				7425C0EC2B0FE12C009F18E5 /* MadexDemoAppTests.xctest */,
				7425C0F62B0FE12C009F18E5 /* MadexDemoAppUITests.xctest */,
			);
			name = Products;
			sourceTree = "<group>";
		};
		7425C0D82B0FE12B009F18E5 /* MadexDemoApp */ = {
			isa = PBXGroup;
			children = (
				74727FD42D8C9838004AA27E /* BannerViewController.swift */,
				7425C10A2B0FE395009F18E5 /* ConsentManagerViewController.swift */,
				7425C10D2B0FE395009F18E5 /* DeviceInfoViewController.swift */,
				7425C10F2B0FE395009F18E5 /* EnvironmentVariables.swift */,
				7425C1092B0FE395009F18E5 /* Extensions.swift */,
				7425C10B2B0FE395009F18E5 /* InterstitialViewController.swift */,
				7425C10C2B0FE395009F18E5 /* MediationNetworks.swift */,
				7425C10E2B0FE395009F18E5 /* RewardedViewController.swift */,
				7425C0D92B0FE12B009F18E5 /* AppDelegate.swift */,
				7425C0DD2B0FE12B009F18E5 /* ViewController.swift */,
				7425C0DF2B0FE12B009F18E5 /* Main.storyboard */,
				7425C0E22B0FE12C009F18E5 /* Assets.xcassets */,
				7425C0E42B0FE12C009F18E5 /* LaunchScreen.storyboard */,
				7425C0E72B0FE12C009F18E5 /* Info.plist */,
			);
			path = MadexDemoApp;
			sourceTree = "<group>";
		};
		7425C0EF2B0FE12C009F18E5 /* MadexDemoAppTests */ = {
			isa = PBXGroup;
			children = (
				7425C0F02B0FE12C009F18E5 /* MadexDemoAppTests.swift */,
			);
			path = MadexDemoAppTests;
			sourceTree = "<group>";
		};
		7425C0F92B0FE12C009F18E5 /* MadexDemoAppUITests */ = {
			isa = PBXGroup;
			children = (
				7425C0FA2B0FE12C009F18E5 /* MadexDemoAppUITests.swift */,
				7425C0FC2B0FE12C009F18E5 /* MadexDemoAppUITestsLaunchTests.swift */,
			);
			path = MadexDemoAppUITests;
			sourceTree = "<group>";
		};
		9FBBB03BA220146BFE3753FB /* Pods */ = {
			isa = PBXGroup;
			children = (
				93FACEBEB022808A2C6383C1 /* Pods-MadexDemoApp.debug.xcconfig */,
				8A54EDC49C601E8CC3AB91AF /* Pods-MadexDemoApp.release.xcconfig */,
				721F1E0E85A3EA8B12880116 /* Pods-MadexDemoApp-MadexDemoAppUITests.debug.xcconfig */,
				496797DB728180C228CC1EAF /* Pods-MadexDemoApp-MadexDemoAppUITests.release.xcconfig */,
				CD5C28FD7BD392B8E38D5261 /* Pods-MadexDemoAppTests.debug.xcconfig */,
				F085378EBA4534A0302A0DD9 /* Pods-MadexDemoAppTests.release.xcconfig */,
			);
			path = Pods;
			sourceTree = "<group>";
		};
/* End PBXGroup section */

/* Begin PBXNativeTarget section */
		7425C0D52B0FE12B009F18E5 /* MadexDemoApp */ = {
			isa = PBXNativeTarget;
			buildConfigurationList = 7425C1002B0FE12C009F18E5 /* Build configuration list for PBXNativeTarget "MadexDemoApp" */;
			buildPhases = (
				35E6F24E2C20CDC044683B6C /* [CP] Check Pods Manifest.lock */,
				7425C0D22B0FE12B009F18E5 /* Sources */,
				7425C0D32B0FE12B009F18E5 /* Frameworks */,
				7425C0D42B0FE12B009F18E5 /* Resources */,
				02F1B968F9FC0F0DBDCC1150 /* [CP] Embed Pods Frameworks */,
				7D44C5A2D9B7922802079B72 /* [CP] Copy Pods Resources */,
			);
			buildRules = (
			);
			dependencies = (
			);
			name = MadexDemoApp;
			productName = MadexDemoApp;
			productReference = 7425C0D62B0FE12B009F18E5 /* MadexDemoApp.app */;
			productType = "com.apple.product-type.application";
		};
		7425C0EB2B0FE12C009F18E5 /* MadexDemoAppTests */ = {
			isa = PBXNativeTarget;
			buildConfigurationList = 7425C1032B0FE12C009F18E5 /* Build configuration list for PBXNativeTarget "MadexDemoAppTests" */;
			buildPhases = (
				2E1246726AF71DF5F66AC8EF /* [CP] Check Pods Manifest.lock */,
				7425C0E82B0FE12C009F18E5 /* Sources */,
				7425C0E92B0FE12C009F18E5 /* Frameworks */,
				7425C0EA2B0FE12C009F18E5 /* Resources */,
			);
			buildRules = (
			);
			dependencies = (
				7425C0EE2B0FE12C009F18E5 /* PBXTargetDependency */,
			);
			name = MadexDemoAppTests;
			productName = MadexDemoAppTests;
			productReference = 7425C0EC2B0FE12C009F18E5 /* MadexDemoAppTests.xctest */;
			productType = "com.apple.product-type.bundle.unit-test";
		};
		7425C0F52B0FE12C009F18E5 /* MadexDemoAppUITests */ = {
			isa = PBXNativeTarget;
			buildConfigurationList = 7425C1062B0FE12C009F18E5 /* Build configuration list for PBXNativeTarget "MadexDemoAppUITests" */;
			buildPhases = (
				C2B9AE8BA8E7BC8CD441CE80 /* [CP] Check Pods Manifest.lock */,
				7425C0F22B0FE12C009F18E5 /* Sources */,
				7425C0F32B0FE12C009F18E5 /* Frameworks */,
				7425C0F42B0FE12C009F18E5 /* Resources */,
				0E16EA23C30C3FE3AD4628C2 /* [CP] Embed Pods Frameworks */,
				D20A17AD0E7B6A8E27A75685 /* [CP] Copy Pods Resources */,
			);
			buildRules = (
			);
			dependencies = (
				7425C0F82B0FE12C009F18E5 /* PBXTargetDependency */,
			);
			name = MadexDemoAppUITests;
			productName = MadexDemoAppUITests;
			productReference = 7425C0F62B0FE12C009F18E5 /* MadexDemoAppUITests.xctest */;
			productType = "com.apple.product-type.bundle.ui-testing";
		};
/* End PBXNativeTarget section */

/* Begin PBXProject section */
		7425C0CE2B0FE12B009F18E5 /* Project object */ = {
			isa = PBXProject;
			attributes = {
				BuildIndependentTargetsInParallel = 1;
				LastSwiftUpdateCheck = 1500;
				LastUpgradeCheck = 1500;
				TargetAttributes = {
					7425C0D52B0FE12B009F18E5 = {
						CreatedOnToolsVersion = 15.0.1;
					};
					7425C0EB2B0FE12C009F18E5 = {
						CreatedOnToolsVersion = 15.0.1;
						TestTargetID = 7425C0D52B0FE12B009F18E5;
					};
					7425C0F52B0FE12C009F18E5 = {
						CreatedOnToolsVersion = 15.0.1;
						TestTargetID = 7425C0D52B0FE12B009F18E5;
					};
				};
			};
			buildConfigurationList = 7425C0D12B0FE12B009F18E5 /* Build configuration list for PBXProject "MadexDemoApp" */;
			compatibilityVersion = "Xcode 14.0";
			developmentRegion = en;
			hasScannedForEncodings = 0;
			knownRegions = (
				en,
				Base,
			);
			mainGroup = 7425C0CD2B0FE12B009F18E5;
			productRefGroup = 7425C0D72B0FE12B009F18E5 /* Products */;
			projectDirPath = "";
			projectRoot = "";
			targets = (
				7425C0D52B0FE12B009F18E5 /* MadexDemoApp */,
				7425C0EB2B0FE12C009F18E5 /* MadexDemoAppTests */,
				7425C0F52B0FE12C009F18E5 /* MadexDemoAppUITests */,
			);
		};
/* End PBXProject section */

/* Begin PBXResourcesBuildPhase section */
		7425C0D42B0FE12B009F18E5 /* Resources */ = {
			isa = PBXResourcesBuildPhase;
			buildActionMask = 2147483647;
			files = (
				7425C0E62B0FE12C009F18E5 /* LaunchScreen.storyboard in Resources */,
				7425C0E32B0FE12C009F18E5 /* Assets.xcassets in Resources */,
				7425C0E12B0FE12B009F18E5 /* Main.storyboard in Resources */,
			);
			runOnlyForDeploymentPostprocessing = 0;
		};
		7425C0EA2B0FE12C009F18E5 /* Resources */ = {
			isa = PBXResourcesBuildPhase;
			buildActionMask = 2147483647;
			files = (
			);
			runOnlyForDeploymentPostprocessing = 0;
		};
		7425C0F42B0FE12C009F18E5 /* Resources */ = {
			isa = PBXResourcesBuildPhase;
			buildActionMask = 2147483647;
			files = (
			);
			runOnlyForDeploymentPostprocessing = 0;
		};
/* End PBXResourcesBuildPhase section */

/* Begin PBXShellScriptBuildPhase section */
		02F1B968F9FC0F0DBDCC1150 /* [CP] Embed Pods Frameworks */ = {
			isa = PBXShellScriptBuildPhase;
			buildActionMask = 2147483647;
			files = (
			);
			inputFileListPaths = (
				"${PODS_ROOT}/Target Support Files/Pods-MadexDemoApp/Pods-MadexDemoApp-frameworks-${CONFIGURATION}-input-files.xcfilelist",
			);
			name = "[CP] Embed Pods Frameworks";
			outputFileListPaths = (
				"${PODS_ROOT}/Target Support Files/Pods-MadexDemoApp/Pods-MadexDemoApp-frameworks-${CONFIGURATION}-output-files.xcfilelist",
			);
			runOnlyForDeploymentPostprocessing = 0;
			shellPath = /bin/sh;
			shellScript = "\"${PODS_ROOT}/Target Support Files/Pods-MadexDemoApp/Pods-MadexDemoApp-frameworks.sh\"\n";
			showEnvVarsInLog = 0;
		};
		0E16EA23C30C3FE3AD4628C2 /* [CP] Embed Pods Frameworks */ = {
			isa = PBXShellScriptBuildPhase;
			buildActionMask = 2147483647;
			files = (
			);
			inputFileListPaths = (
				"${PODS_ROOT}/Target Support Files/Pods-MadexDemoApp-MadexDemoAppUITests/Pods-MadexDemoApp-MadexDemoAppUITests-frameworks-${CONFIGURATION}-input-files.xcfilelist",
			);
			name = "[CP] Embed Pods Frameworks";
			outputFileListPaths = (
				"${PODS_ROOT}/Target Support Files/Pods-MadexDemoApp-MadexDemoAppUITests/Pods-MadexDemoApp-MadexDemoAppUITests-frameworks-${CONFIGURATION}-output-files.xcfilelist",
			);
			runOnlyForDeploymentPostprocessing = 0;
			shellPath = /bin/sh;
			shellScript = "\"${PODS_ROOT}/Target Support Files/Pods-MadexDemoApp-MadexDemoAppUITests/Pods-MadexDemoApp-MadexDemoAppUITests-frameworks.sh\"\n";
			showEnvVarsInLog = 0;
		};
		2E1246726AF71DF5F66AC8EF /* [CP] Check Pods Manifest.lock */ = {
			isa = PBXShellScriptBuildPhase;
			buildActionMask = 2147483647;
			files = (
			);
			inputFileListPaths = (
			);
			inputPaths = (
				"${PODS_PODFILE_DIR_PATH}/Podfile.lock",
				"${PODS_ROOT}/Manifest.lock",
			);
			name = "[CP] Check Pods Manifest.lock";
			outputFileListPaths = (
			);
			outputPaths = (
				"$(DERIVED_FILE_DIR)/Pods-MadexDemoAppTests-checkManifestLockResult.txt",
			);
			runOnlyForDeploymentPostprocessing = 0;
			shellPath = /bin/sh;
			shellScript = "diff \"${PODS_PODFILE_DIR_PATH}/Podfile.lock\" \"${PODS_ROOT}/Manifest.lock\" > /dev/null\nif [ $? != 0 ] ; then\n    # print error to STDERR\n    echo \"error: The sandbox is not in sync with the Podfile.lock. Run 'pod install' or update your CocoaPods installation.\" >&2\n    exit 1\nfi\n# This output is used by Xcode 'outputs' to avoid re-running this script phase.\necho \"SUCCESS\" > \"${SCRIPT_OUTPUT_FILE_0}\"\n";
			showEnvVarsInLog = 0;
		};
		35E6F24E2C20CDC044683B6C /* [CP] Check Pods Manifest.lock */ = {
			isa = PBXShellScriptBuildPhase;
			buildActionMask = 2147483647;
			files = (
			);
			inputFileListPaths = (
			);
			inputPaths = (
				"${PODS_PODFILE_DIR_PATH}/Podfile.lock",
				"${PODS_ROOT}/Manifest.lock",
			);
			name = "[CP] Check Pods Manifest.lock";
			outputFileListPaths = (
			);
			outputPaths = (
				"$(DERIVED_FILE_DIR)/Pods-MadexDemoApp-checkManifestLockResult.txt",
			);
			runOnlyForDeploymentPostprocessing = 0;
			shellPath = /bin/sh;
			shellScript = "diff \"${PODS_PODFILE_DIR_PATH}/Podfile.lock\" \"${PODS_ROOT}/Manifest.lock\" > /dev/null\nif [ $? != 0 ] ; then\n    # print error to STDERR\n    echo \"error: The sandbox is not in sync with the Podfile.lock. Run 'pod install' or update your CocoaPods installation.\" >&2\n    exit 1\nfi\n# This output is used by Xcode 'outputs' to avoid re-running this script phase.\necho \"SUCCESS\" > \"${SCRIPT_OUTPUT_FILE_0}\"\n";
			showEnvVarsInLog = 0;
		};
		7D44C5A2D9B7922802079B72 /* [CP] Copy Pods Resources */ = {
			isa = PBXShellScriptBuildPhase;
			buildActionMask = 2147483647;
			files = (
			);
			inputFileListPaths = (
				"${PODS_ROOT}/Target Support Files/Pods-MadexDemoApp/Pods-MadexDemoApp-resources-${CONFIGURATION}-input-files.xcfilelist",
			);
			name = "[CP] Copy Pods Resources";
			outputFileListPaths = (
				"${PODS_ROOT}/Target Support Files/Pods-MadexDemoApp/Pods-MadexDemoApp-resources-${CONFIGURATION}-output-files.xcfilelist",
			);
			runOnlyForDeploymentPostprocessing = 0;
			shellPath = /bin/sh;
			shellScript = "\"${PODS_ROOT}/Target Support Files/Pods-MadexDemoApp/Pods-MadexDemoApp-resources.sh\"\n";
			showEnvVarsInLog = 0;
		};
		C2B9AE8BA8E7BC8CD441CE80 /* [CP] Check Pods Manifest.lock */ = {
			isa = PBXShellScriptBuildPhase;
			buildActionMask = 2147483647;
			files = (
			);
			inputFileListPaths = (
			);
			inputPaths = (
				"${PODS_PODFILE_DIR_PATH}/Podfile.lock",
				"${PODS_ROOT}/Manifest.lock",
			);
			name = "[CP] Check Pods Manifest.lock";
			outputFileListPaths = (
			);
			outputPaths = (
				"$(DERIVED_FILE_DIR)/Pods-MadexDemoApp-MadexDemoAppUITests-checkManifestLockResult.txt",
			);
			runOnlyForDeploymentPostprocessing = 0;
			shellPath = /bin/sh;
			shellScript = "diff \"${PODS_PODFILE_DIR_PATH}/Podfile.lock\" \"${PODS_ROOT}/Manifest.lock\" > /dev/null\nif [ $? != 0 ] ; then\n    # print error to STDERR\n    echo \"error: The sandbox is not in sync with the Podfile.lock. Run 'pod install' or update your CocoaPods installation.\" >&2\n    exit 1\nfi\n# This output is used by Xcode 'outputs' to avoid re-running this script phase.\necho \"SUCCESS\" > \"${SCRIPT_OUTPUT_FILE_0}\"\n";
			showEnvVarsInLog = 0;
		};
		D20A17AD0E7B6A8E27A75685 /* [CP] Copy Pods Resources */ = {
			isa = PBXShellScriptBuildPhase;
			buildActionMask = 2147483647;
			files = (
			);
			inputFileListPaths = (
				"${PODS_ROOT}/Target Support Files/Pods-MadexDemoApp-MadexDemoAppUITests/Pods-MadexDemoApp-MadexDemoAppUITests-resources-${CONFIGURATION}-input-files.xcfilelist",
			);
			name = "[CP] Copy Pods Resources";
			outputFileListPaths = (
				"${PODS_ROOT}/Target Support Files/Pods-MadexDemoApp-MadexDemoAppUITests/Pods-MadexDemoApp-MadexDemoAppUITests-resources-${CONFIGURATION}-output-files.xcfilelist",
			);
			runOnlyForDeploymentPostprocessing = 0;
			shellPath = /bin/sh;
			shellScript = "\"${PODS_ROOT}/Target Support Files/Pods-MadexDemoApp-MadexDemoAppUITests/Pods-MadexDemoApp-MadexDemoAppUITests-resources.sh\"\n";
			showEnvVarsInLog = 0;
		};
/* End PBXShellScriptBuildPhase section */

/* Begin PBXSourcesBuildPhase section */
		7425C0D22B0FE12B009F18E5 /* Sources */ = {
			isa = PBXSourcesBuildPhase;
			buildActionMask = 2147483647;
			files = (
				74727FD52D8C9839004AA27E /* BannerViewController.swift in Sources */,
				7425C0DE2B0FE12B009F18E5 /* ViewController.swift in Sources */,
				7425C1132B0FE395009F18E5 /* MediationNetworks.swift in Sources */,
				7425C1162B0FE395009F18E5 /* EnvironmentVariables.swift in Sources */,
				7425C1112B0FE395009F18E5 /* ConsentManagerViewController.swift in Sources */,
				7425C1142B0FE395009F18E5 /* DeviceInfoViewController.swift in Sources */,
				7425C1152B0FE395009F18E5 /* RewardedViewController.swift in Sources */,
				7425C1102B0FE395009F18E5 /* Extensions.swift in Sources */,
				7425C0DA2B0FE12B009F18E5 /* AppDelegate.swift in Sources */,
				7425C1122B0FE395009F18E5 /* InterstitialViewController.swift in Sources */,
			);
			runOnlyForDeploymentPostprocessing = 0;
		};
		7425C0E82B0FE12C009F18E5 /* Sources */ = {
			isa = PBXSourcesBuildPhase;
			buildActionMask = 2147483647;
			files = (
				7425C0F12B0FE12C009F18E5 /* MadexDemoAppTests.swift in Sources */,
			);
			runOnlyForDeploymentPostprocessing = 0;
		};
		7425C0F22B0FE12C009F18E5 /* Sources */ = {
			isa = PBXSourcesBuildPhase;
			buildActionMask = 2147483647;
			files = (
				7425C0FB2B0FE12C009F18E5 /* MadexDemoAppUITests.swift in Sources */,
				7425C0FD2B0FE12C009F18E5 /* MadexDemoAppUITestsLaunchTests.swift in Sources */,
			);
			runOnlyForDeploymentPostprocessing = 0;
		};
/* End PBXSourcesBuildPhase section */

/* Begin PBXTargetDependency section */
		7425C0EE2B0FE12C009F18E5 /* PBXTargetDependency */ = {
			isa = PBXTargetDependency;
			target = 7425C0D52B0FE12B009F18E5 /* MadexDemoApp */;
			targetProxy = 7425C0ED2B0FE12C009F18E5 /* PBXContainerItemProxy */;
		};
		7425C0F82B0FE12C009F18E5 /* PBXTargetDependency */ = {
			isa = PBXTargetDependency;
			target = 7425C0D52B0FE12B009F18E5 /* MadexDemoApp */;
			targetProxy = 7425C0F72B0FE12C009F18E5 /* PBXContainerItemProxy */;
		};
/* End PBXTargetDependency section */

/* Begin PBXVariantGroup section */
		7425C0DF2B0FE12B009F18E5 /* Main.storyboard */ = {
			isa = PBXVariantGroup;
			children = (
				7425C0E02B0FE12B009F18E5 /* Base */,
			);
			name = Main.storyboard;
			sourceTree = "<group>";
		};
		7425C0E42B0FE12C009F18E5 /* LaunchScreen.storyboard */ = {
			isa = PBXVariantGroup;
			children = (
				7425C0E52B0FE12C009F18E5 /* Base */,
			);
			name = LaunchScreen.storyboard;
			sourceTree = "<group>";
		};
/* End PBXVariantGroup section */

/* Begin XCBuildConfiguration section */
		7425C0FE2B0FE12C009F18E5 /* Debug */ = {
			isa = XCBuildConfiguration;
			buildSettings = {
				ALWAYS_SEARCH_USER_PATHS = NO;
				ASSETCATALOG_COMPILER_GENERATE_SWIFT_ASSET_SYMBOL_EXTENSIONS = YES;
				CLANG_ANALYZER_NONNULL = YES;
				CLANG_ANALYZER_NUMBER_OBJECT_CONVERSION = YES_AGGRESSIVE;
				CLANG_CXX_LANGUAGE_STANDARD = "gnu++20";
				CLANG_ENABLE_MODULES = YES;
				CLANG_ENABLE_OBJC_ARC = YES;
				CLANG_ENABLE_OBJC_WEAK = YES;
				CLANG_WARN_BLOCK_CAPTURE_AUTORELEASING = YES;
				CLANG_WARN_BOOL_CONVERSION = YES;
				CLANG_WARN_COMMA = YES;
				CLANG_WARN_CONSTANT_CONVERSION = YES;
				CLANG_WARN_DEPRECATED_OBJC_IMPLEMENTATIONS = YES;
				CLANG_WARN_DIRECT_OBJC_ISA_USAGE = YES_ERROR;
				CLANG_WARN_DOCUMENTATION_COMMENTS = YES;
				CLANG_WARN_EMPTY_BODY = YES;
				CLANG_WARN_ENUM_CONVERSION = YES;
				CLANG_WARN_INFINITE_RECURSION = YES;
				CLANG_WARN_INT_CONVERSION = YES;
				CLANG_WARN_NON_LITERAL_NULL_CONVERSION = YES;
				CLANG_WARN_OBJC_IMPLICIT_RETAIN_SELF = YES;
				CLANG_WARN_OBJC_LITERAL_CONVERSION = YES;
				CLANG_WARN_OBJC_ROOT_CLASS = YES_ERROR;
				CLANG_WARN_QUOTED_INCLUDE_IN_FRAMEWORK_HEADER = YES;
				CLANG_WARN_RANGE_LOOP_ANALYSIS = YES;
				CLANG_WARN_STRICT_PROTOTYPES = YES;
				CLANG_WARN_SUSPICIOUS_MOVE = YES;
				CLANG_WARN_UNGUARDED_AVAILABILITY = YES_AGGRESSIVE;
				CLANG_WARN_UNREACHABLE_CODE = YES;
				CLANG_WARN__DUPLICATE_METHOD_MATCH = YES;
				COPY_PHASE_STRIP = NO;
				DEBUG_INFORMATION_FORMAT = dwarf;
				ENABLE_STRICT_OBJC_MSGSEND = YES;
				ENABLE_TESTABILITY = YES;
				ENABLE_USER_SCRIPT_SANDBOXING = NO;
				GCC_C_LANGUAGE_STANDARD = gnu17;
				GCC_DYNAMIC_NO_PIC = NO;
				GCC_NO_COMMON_BLOCKS = YES;
				GCC_OPTIMIZATION_LEVEL = 0;
				GCC_PREPROCESSOR_DEFINITIONS = (
					"DEBUG=1",
					"$(inherited)",
				);
				GCC_WARN_64_TO_32_BIT_CONVERSION = YES;
				GCC_WARN_ABOUT_RETURN_TYPE = YES_ERROR;
				GCC_WARN_UNDECLARED_SELECTOR = YES;
				GCC_WARN_UNINITIALIZED_AUTOS = YES_AGGRESSIVE;
				GCC_WARN_UNUSED_FUNCTION = YES;
				GCC_WARN_UNUSED_VARIABLE = YES;
				IPHONEOS_DEPLOYMENT_TARGET = 13.0;
				LOCALIZATION_PREFERS_STRING_CATALOGS = YES;
				MTL_ENABLE_DEBUG_INFO = INCLUDE_SOURCE;
				MTL_FAST_MATH = YES;
				ONLY_ACTIVE_ARCH = YES;
				SDKROOT = iphoneos;
				SWIFT_ACTIVE_COMPILATION_CONDITIONS = "DEBUG $(inherited)";
				SWIFT_OPTIMIZATION_LEVEL = "-Onone";
			};
			name = Debug;
		};
		7425C0FF2B0FE12C009F18E5 /* Release */ = {
			isa = XCBuildConfiguration;
			buildSettings = {
				ALWAYS_SEARCH_USER_PATHS = NO;
				ASSETCATALOG_COMPILER_GENERATE_SWIFT_ASSET_SYMBOL_EXTENSIONS = YES;
				CLANG_ANALYZER_NONNULL = YES;
				CLANG_ANALYZER_NUMBER_OBJECT_CONVERSION = YES_AGGRESSIVE;
				CLANG_CXX_LANGUAGE_STANDARD = "gnu++20";
				CLANG_ENABLE_MODULES = YES;
				CLANG_ENABLE_OBJC_ARC = YES;
				CLANG_ENABLE_OBJC_WEAK = YES;
				CLANG_WARN_BLOCK_CAPTURE_AUTORELEASING = YES;
				CLANG_WARN_BOOL_CONVERSION = YES;
				CLANG_WARN_COMMA = YES;
				CLANG_WARN_CONSTANT_CONVERSION = YES;
				CLANG_WARN_DEPRECATED_OBJC_IMPLEMENTATIONS = YES;
				CLANG_WARN_DIRECT_OBJC_ISA_USAGE = YES_ERROR;
				CLANG_WARN_DOCUMENTATION_COMMENTS = YES;
				CLANG_WARN_EMPTY_BODY = YES;
				CLANG_WARN_ENUM_CONVERSION = YES;
				CLANG_WARN_INFINITE_RECURSION = YES;
				CLANG_WARN_INT_CONVERSION = YES;
				CLANG_WARN_NON_LITERAL_NULL_CONVERSION = YES;
				CLANG_WARN_OBJC_IMPLICIT_RETAIN_SELF = YES;
				CLANG_WARN_OBJC_LITERAL_CONVERSION = YES;
				CLANG_WARN_OBJC_ROOT_CLASS = YES_ERROR;
				CLANG_WARN_QUOTED_INCLUDE_IN_FRAMEWORK_HEADER = YES;
				CLANG_WARN_RANGE_LOOP_ANALYSIS = YES;
				CLANG_WARN_STRICT_PROTOTYPES = YES;
				CLANG_WARN_SUSPICIOUS_MOVE = YES;
				CLANG_WARN_UNGUARDED_AVAILABILITY = YES_AGGRESSIVE;
				CLANG_WARN_UNREACHABLE_CODE = YES;
				CLANG_WARN__DUPLICATE_METHOD_MATCH = YES;
				COPY_PHASE_STRIP = NO;
				DEBUG_INFORMATION_FORMAT = "dwarf-with-dsym";
				ENABLE_NS_ASSERTIONS = NO;
				ENABLE_STRICT_OBJC_MSGSEND = YES;
				ENABLE_USER_SCRIPT_SANDBOXING = NO;
				GCC_C_LANGUAGE_STANDARD = gnu17;
				GCC_NO_COMMON_BLOCKS = YES;
				GCC_WARN_64_TO_32_BIT_CONVERSION = YES;
				GCC_WARN_ABOUT_RETURN_TYPE = YES_ERROR;
				GCC_WARN_UNDECLARED_SELECTOR = YES;
				GCC_WARN_UNINITIALIZED_AUTOS = YES_AGGRESSIVE;
				GCC_WARN_UNUSED_FUNCTION = YES;
				GCC_WARN_UNUSED_VARIABLE = YES;
				IPHONEOS_DEPLOYMENT_TARGET = 13.0;
				LOCALIZATION_PREFERS_STRING_CATALOGS = YES;
				MTL_ENABLE_DEBUG_INFO = NO;
				MTL_FAST_MATH = YES;
				SDKROOT = iphoneos;
				SWIFT_COMPILATION_MODE = wholemodule;
				VALIDATE_PRODUCT = YES;
			};
			name = Release;
		};
		7425C1012B0FE12C009F18E5 /* Debug */ = {
			isa = XCBuildConfiguration;
			baseConfigurationReference = 93FACEBEB022808A2C6383C1 /* Pods-MadexDemoApp.debug.xcconfig */;
			buildSettings = {
				ASSETCATALOG_COMPILER_APPICON_NAME = AppIcon;
				ASSETCATALOG_COMPILER_GLOBAL_ACCENT_COLOR_NAME = AccentColor;
				CODE_SIGN_STYLE = Automatic;
				CURRENT_PROJECT_VERSION = 1;
				GENERATE_INFOPLIST_FILE = YES;
				INFOPLIST_FILE = MadexDemoApp/Info.plist;
				INFOPLIST_KEY_NSLocationAlwaysAndWhenInUseUsageDescription = "App needs your location for analytics and advertising purposes.";
				INFOPLIST_KEY_NSLocationWhenInUseUsageDescription = "App needs your location for analytics and advertising purposes.";
				INFOPLIST_KEY_NSUserTrackingUsageDescription = "App needs your advertising identifier to provide personalised advertising experience tailored to you.";
				INFOPLIST_KEY_UIApplicationSupportsIndirectInputEvents = YES;
				INFOPLIST_KEY_UILaunchStoryboardName = LaunchScreen;
				INFOPLIST_KEY_UIMainStoryboardFile = Main;
				INFOPLIST_KEY_UISupportedInterfaceOrientations_iPad = "UIInterfaceOrientationPortrait UIInterfaceOrientationPortraitUpsideDown UIInterfaceOrientationLandscapeLeft UIInterfaceOrientationLandscapeRight";
				INFOPLIST_KEY_UISupportedInterfaceOrientations_iPhone = "UIInterfaceOrientationPortrait UIInterfaceOrientationLandscapeLeft UIInterfaceOrientationLandscapeRight";
				IPHONEOS_DEPLOYMENT_TARGET = 13.0;
				LD_RUNPATH_SEARCH_PATHS = (
					"$(inherited)",
					"@executable_path/Frameworks",
				);
				MARKETING_VERSION = 1.0;
				PRODUCT_BUNDLE_IDENTIFIER = madex.world.app;
				PRODUCT_NAME = "$(TARGET_NAME)";
				SUPPORTED_PLATFORMS = "iphoneos iphonesimulator";
				SUPPORTS_MACCATALYST = NO;
				SUPPORTS_MAC_DESIGNED_FOR_IPHONE_IPAD = NO;
				SWIFT_EMIT_LOC_STRINGS = YES;
				SWIFT_VERSION = 5.0;
				TARGETED_DEVICE_FAMILY = "1,2";
			};
			name = Debug;
		};
		7425C1022B0FE12C009F18E5 /* Release */ = {
			isa = XCBuildConfiguration;
			baseConfigurationReference = 8A54EDC49C601E8CC3AB91AF /* Pods-MadexDemoApp.release.xcconfig */;
			buildSettings = {
				ASSETCATALOG_COMPILER_APPICON_NAME = AppIcon;
				ASSETCATALOG_COMPILER_GLOBAL_ACCENT_COLOR_NAME = AccentColor;
				CODE_SIGN_STYLE = Automatic;
				CURRENT_PROJECT_VERSION = 1;
				GENERATE_INFOPLIST_FILE = YES;
				INFOPLIST_FILE = MadexDemoApp/Info.plist;
				INFOPLIST_KEY_NSLocationAlwaysAndWhenInUseUsageDescription = "App needs your location for analytics and advertising purposes.";
				INFOPLIST_KEY_NSLocationWhenInUseUsageDescription = "App needs your location for analytics and advertising purposes.";
				INFOPLIST_KEY_NSUserTrackingUsageDescription = "App needs your advertising identifier to provide personalised advertising experience tailored to you.";
				INFOPLIST_KEY_UIApplicationSupportsIndirectInputEvents = YES;
				INFOPLIST_KEY_UILaunchStoryboardName = LaunchScreen;
				INFOPLIST_KEY_UIMainStoryboardFile = Main;
				INFOPLIST_KEY_UISupportedInterfaceOrientations_iPad = "UIInterfaceOrientationPortrait UIInterfaceOrientationPortraitUpsideDown UIInterfaceOrientationLandscapeLeft UIInterfaceOrientationLandscapeRight";
				INFOPLIST_KEY_UISupportedInterfaceOrientations_iPhone = "UIInterfaceOrientationPortrait UIInterfaceOrientationLandscapeLeft UIInterfaceOrientationLandscapeRight";
				IPHONEOS_DEPLOYMENT_TARGET = 13.0;
				LD_RUNPATH_SEARCH_PATHS = (
					"$(inherited)",
					"@executable_path/Frameworks",
				);
				MARKETING_VERSION = 1.0;
				PRODUCT_BUNDLE_IDENTIFIER = madex.world.app;
				PRODUCT_NAME = "$(TARGET_NAME)";
				SUPPORTED_PLATFORMS = "iphoneos iphonesimulator";
				SUPPORTS_MACCATALYST = NO;
				SUPPORTS_MAC_DESIGNED_FOR_IPHONE_IPAD = NO;
				SWIFT_EMIT_LOC_STRINGS = YES;
				SWIFT_VERSION = 5.0;
				TARGETED_DEVICE_FAMILY = "1,2";
			};
			name = Release;
		};
		7425C1042B0FE12C009F18E5 /* Debug */ = {
			isa = XCBuildConfiguration;
			baseConfigurationReference = CD5C28FD7BD392B8E38D5261 /* Pods-MadexDemoAppTests.debug.xcconfig */;
			buildSettings = {
				ALWAYS_EMBED_SWIFT_STANDARD_LIBRARIES = YES;
				BUNDLE_LOADER = "$(TEST_HOST)";
				CODE_SIGN_STYLE = Automatic;
				CURRENT_PROJECT_VERSION = 1;
				GENERATE_INFOPLIST_FILE = YES;
				IPHONEOS_DEPLOYMENT_TARGET = 17.0;
				MARKETING_VERSION = 1.0;
				PRODUCT_BUNDLE_IDENTIFIER = madex.world.app.MadexDemoAppTests;
				PRODUCT_NAME = "$(TARGET_NAME)";
				SWIFT_EMIT_LOC_STRINGS = NO;
				SWIFT_VERSION = 5.0;
				TARGETED_DEVICE_FAMILY = "1,2";
				TEST_HOST = "$(BUILT_PRODUCTS_DIR)/MadexDemoApp.app/$(BUNDLE_EXECUTABLE_FOLDER_PATH)/MadexDemoApp";
			};
			name = Debug;
		};
		7425C1052B0FE12C009F18E5 /* Release */ = {
			isa = XCBuildConfiguration;
			baseConfigurationReference = F085378EBA4534A0302A0DD9 /* Pods-MadexDemoAppTests.release.xcconfig */;
			buildSettings = {
				ALWAYS_EMBED_SWIFT_STANDARD_LIBRARIES = YES;
				BUNDLE_LOADER = "$(TEST_HOST)";
				CODE_SIGN_STYLE = Automatic;
				CURRENT_PROJECT_VERSION = 1;
				GENERATE_INFOPLIST_FILE = YES;
				IPHONEOS_DEPLOYMENT_TARGET = 17.0;
				MARKETING_VERSION = 1.0;
				PRODUCT_BUNDLE_IDENTIFIER = madex.world.app.MadexDemoAppTests;
				PRODUCT_NAME = "$(TARGET_NAME)";
				SWIFT_EMIT_LOC_STRINGS = NO;
				SWIFT_VERSION = 5.0;
				TARGETED_DEVICE_FAMILY = "1,2";
				TEST_HOST = "$(BUILT_PRODUCTS_DIR)/MadexDemoApp.app/$(BUNDLE_EXECUTABLE_FOLDER_PATH)/MadexDemoApp";
			};
			name = Release;
		};
		7425C1072B0FE12C009F18E5 /* Debug */ = {
			isa = XCBuildConfiguration;
			baseConfigurationReference = 721F1E0E85A3EA8B12880116 /* Pods-MadexDemoApp-MadexDemoAppUITests.debug.xcconfig */;
			buildSettings = {
				ALWAYS_EMBED_SWIFT_STANDARD_LIBRARIES = YES;
				CODE_SIGN_STYLE = Automatic;
				CURRENT_PROJECT_VERSION = 1;
				GENERATE_INFOPLIST_FILE = YES;
				MARKETING_VERSION = 1.0;
				PRODUCT_BUNDLE_IDENTIFIER = madex.world.app.MadexDemoAppUITests;
				PRODUCT_NAME = "$(TARGET_NAME)";
				SWIFT_EMIT_LOC_STRINGS = NO;
				SWIFT_VERSION = 5.0;
				TARGETED_DEVICE_FAMILY = "1,2";
				TEST_TARGET_NAME = MadexDemoApp;
			};
			name = Debug;
		};
		7425C1082B0FE12C009F18E5 /* Release */ = {
			isa = XCBuildConfiguration;
			baseConfigurationReference = 496797DB728180C228CC1EAF /* Pods-MadexDemoApp-MadexDemoAppUITests.release.xcconfig */;
			buildSettings = {
				ALWAYS_EMBED_SWIFT_STANDARD_LIBRARIES = YES;
				CODE_SIGN_STYLE = Automatic;
				CURRENT_PROJECT_VERSION = 1;
				GENERATE_INFOPLIST_FILE = YES;
				MARKETING_VERSION = 1.0;
				PRODUCT_BUNDLE_IDENTIFIER = madex.world.app.MadexDemoAppUITests;
				PRODUCT_NAME = "$(TARGET_NAME)";
				SWIFT_EMIT_LOC_STRINGS = NO;
				SWIFT_VERSION = 5.0;
				TARGETED_DEVICE_FAMILY = "1,2";
				TEST_TARGET_NAME = MadexDemoApp;
			};
			name = Release;
		};
/* End XCBuildConfiguration section */

/* Begin XCConfigurationList section */
		7425C0D12B0FE12B009F18E5 /* Build configuration list for PBXProject "MadexDemoApp" */ = {
			isa = XCConfigurationList;
			buildConfigurations = (
				7425C0FE2B0FE12C009F18E5 /* Debug */,
				7425C0FF2B0FE12C009F18E5 /* Release */,
			);
			defaultConfigurationIsVisible = 0;
			defaultConfigurationName = Release;
		};
		7425C1002B0FE12C009F18E5 /* Build configuration list for PBXNativeTarget "MadexDemoApp" */ = {
			isa = XCConfigurationList;
			buildConfigurations = (
				7425C1012B0FE12C009F18E5 /* Debug */,
				7425C1022B0FE12C009F18E5 /* Release */,
			);
			defaultConfigurationIsVisible = 0;
			defaultConfigurationName = Release;
		};
		7425C1032B0FE12C009F18E5 /* Build configuration list for PBXNativeTarget "MadexDemoAppTests" */ = {
			isa = XCConfigurationList;
			buildConfigurations = (
				7425C1042B0FE12C009F18E5 /* Debug */,
				7425C1052B0FE12C009F18E5 /* Release */,
			);
			defaultConfigurationIsVisible = 0;
			defaultConfigurationName = Release;
		};
		7425C1062B0FE12C009F18E5 /* Build configuration list for PBXNativeTarget "MadexDemoAppUITests" */ = {
			isa = XCConfigurationList;
			buildConfigurations = (
				7425C1072B0FE12C009F18E5 /* Debug */,
				7425C1082B0FE12C009F18E5 /* Release */,
			);
			defaultConfigurationIsVisible = 0;
			defaultConfigurationName = Release;
		};
/* End XCConfigurationList section */
	};
	rootObject = 7425C0CE2B0FE12B009F18E5 /* Project object */;
}
